
Microsoft Visual Studio Solution File, Format Version 12.00
# Visual Studio Version 16
VisualStudioVersion = 16.0.31729.503
MinimumVisualStudioVersion = 10.0.40219.1
Project("{8BC9CEB8-8B4A-11D0-8D11-00A0C91BC942}") = "1", "Laboratorka_7.vcxproj", "{A38A5241-B5A5-4E5D-90D4-F13414125A3D}"
EndProject
Project("{8BC9CEB8-8B4A-11D0-8D11-00A0C91BC942}") = "2", "2\2.vcxproj", "{5AC70848-DF83-404B-BCA9-13125058D8F0}"
EndProject
Global
	GlobalSection(SolutionConfigurationPlatforms) = preSolution
		Debug|x64 = Debug|x64
		Debug|x86 = Debug|x86
		Release|x64 = Release|x64
		Release|x86 = Release|x86
	EndGlobalSection
	GlobalSection(ProjectConfigurationPlatforms) = postSolution
		{A38A5241-B5A5-4E5D-90D4-F13414125A3D}.Debug|x64.ActiveCfg = Debug|x64
		{A38A5241-B5A5-4E5D-90D4-F13414125A3D}.Debug|x64.Build.0 = Debug|x64
		{A38A5241-B5A5-4E5D-90D4-F13414125A3D}.Debug|x86.ActiveCfg = Debug|Win32
		{A38A5241-B5A5-4E5D-90D4-F13414125A3D}.Debug|x86.Build.0 = Debug|Win32
		{A38A5241-B5A5-4E5D-90D4-F13414125A3D}.Release|x64.ActiveCfg = Release|x64
		{A38A5241-B5A5-4E5D-90D4-F13414125A3D}.Release|x64.Build.0 = Release|x64
		{A38A5241-B5A5-4E5D-90D4-F13414125A3D}.Release|x86.ActiveCfg = Release|Win32
		{A38A5241-B5A5-4E5D-90D4-F13414125A3D}.Release|x86.Build.0 = Release|Win32
		{5AC70848-DF83-404B-BCA9-13125058D8F0}.Debug|x64.ActiveCfg = Debug|x64
		{5AC70848-DF83-404B-BCA9-13125058D8F0}.Debug|x64.Build.0 = Debug|x64
		{5AC70848-DF83-404B-BCA9-13125058D8F0}.Debug|x86.ActiveCfg = Debug|Win32
		{5AC70848-DF83-404B-BCA9-13125058D8F0}.Debug|x86.Build.0 = Debug|Win32
		{5AC70848-DF83-404B-BCA9-13125058D8F0}.Release|x64.ActiveCfg = Release|x64
		{5AC70848-DF83-404B-BCA9-13125058D8F0}.Release|x64.Build.0 = Release|x64
		{5AC70848-DF83-404B-BCA9-13125058D8F0}.Release|x86.ActiveCfg = Release|Win32
		{5AC70848-DF83-404B-BCA9-13125058D8F0}.Release|x86.Build.0 = Release|Win32
	EndGlobalSection
	GlobalSection(SolutionProperties) = preSolution
		HideSolutionNode = FALSE
	EndGlobalSection
	GlobalSection(ExtensibilityGlobals) = postSolution
		SolutionGuid = {5C87ABE4-FFE1-4F20-90CF-9233A9C961D2}
	EndGlobalSection
EndGlobal
