
Microsoft Visual Studio Solution File, Format Version 12.00
# Visual Studio Version 16
VisualStudioVersion = 16.0.32428.217
MinimumVisualStudioVersion = 10.0.40219.1
Project("{8BC9CEB8-8B4A-11D0-8D11-00A0C91BC942}") = "4", "Labaratorka_10_2semak_v.2.vcxproj", "{16E57253-660D-41B9-B28F-33B5F2B15E56}"
EndProject
Project("{8BC9CEB8-8B4A-11D0-8D11-00A0C91BC942}") = "13", "13\13.vcxproj", "{AD1FF825-289C-4821-B1AD-52488053CB76}"
EndProject
Project("{8BC9CEB8-8B4A-11D0-8D11-00A0C91BC942}") = "22", "22\22.vcxproj", "{A6ED9516-F356-4B73-8333-14E81D19ACCC}"
EndProject
Global
	GlobalSection(SolutionConfigurationPlatforms) = preSolution
		Debug|x64 = Debug|x64
		Debug|x86 = Debug|x86
		Release|x64 = Release|x64
		Release|x86 = Release|x86
	EndGlobalSection
	GlobalSection(ProjectConfigurationPlatforms) = postSolution
		{16E57253-660D-41B9-B28F-33B5F2B15E56}.Debug|x64.ActiveCfg = Debug|x64
		{16E57253-660D-41B9-B28F-33B5F2B15E56}.Debug|x64.Build.0 = Debug|x64
		{16E57253-660D-41B9-B28F-33B5F2B15E56}.Debug|x86.ActiveCfg = Debug|Win32
		{16E57253-660D-41B9-B28F-33B5F2B15E56}.Debug|x86.Build.0 = Debug|Win32
		{16E57253-660D-41B9-B28F-33B5F2B15E56}.Release|x64.ActiveCfg = Release|x64
		{16E57253-660D-41B9-B28F-33B5F2B15E56}.Release|x64.Build.0 = Release|x64
		{16E57253-660D-41B9-B28F-33B5F2B15E56}.Release|x86.ActiveCfg = Release|Win32
		{16E57253-660D-41B9-B28F-33B5F2B15E56}.Release|x86.Build.0 = Release|Win32
		{AD1FF825-289C-4821-B1AD-52488053CB76}.Debug|x64.ActiveCfg = Debug|x64
		{AD1FF825-289C-4821-B1AD-52488053CB76}.Debug|x64.Build.0 = Debug|x64
		{AD1FF825-289C-4821-B1AD-52488053CB76}.Debug|x86.ActiveCfg = Debug|Win32
		{AD1FF825-289C-4821-B1AD-52488053CB76}.Debug|x86.Build.0 = Debug|Win32
		{AD1FF825-289C-4821-B1AD-52488053CB76}.Release|x64.ActiveCfg = Release|x64
		{AD1FF825-289C-4821-B1AD-52488053CB76}.Release|x64.Build.0 = Release|x64
		{AD1FF825-289C-4821-B1AD-52488053CB76}.Release|x86.ActiveCfg = Release|Win32
		{AD1FF825-289C-4821-B1AD-52488053CB76}.Release|x86.Build.0 = Release|Win32
		{A6ED9516-F356-4B73-8333-14E81D19ACCC}.Debug|x64.ActiveCfg = Debug|x64
		{A6ED9516-F356-4B73-8333-14E81D19ACCC}.Debug|x64.Build.0 = Debug|x64
		{A6ED9516-F356-4B73-8333-14E81D19ACCC}.Debug|x86.ActiveCfg = Debug|Win32
		{A6ED9516-F356-4B73-8333-14E81D19ACCC}.Debug|x86.Build.0 = Debug|Win32
		{A6ED9516-F356-4B73-8333-14E81D19ACCC}.Release|x64.ActiveCfg = Release|x64
		{A6ED9516-F356-4B73-8333-14E81D19ACCC}.Release|x64.Build.0 = Release|x64
		{A6ED9516-F356-4B73-8333-14E81D19ACCC}.Release|x86.ActiveCfg = Release|Win32
		{A6ED9516-F356-4B73-8333-14E81D19ACCC}.Release|x86.Build.0 = Release|Win32
	EndGlobalSection
	GlobalSection(SolutionProperties) = preSolution
		HideSolutionNode = FALSE
	EndGlobalSection
	GlobalSection(ExtensibilityGlobals) = postSolution
		SolutionGuid = {34C4046F-EE67-49CD-AF45-DE77DAFC6A36}
	EndGlobalSection
EndGlobal
